
Microsoft Visual Studio Solution File, Format Version 12.00
# Visual Studio 15
VisualStudioVersion = 15.0.26124.0
MinimumVisualStudioVersion = 15.0.26124.0
Project("{2150E333-8FDC-42A3-9474-1A3956D46DE8}") = "src", "src", "{65B7A9AB-609F-4B01-BDB7-23F2FBFE5987}"
EndProject
Project("{FAE04EC0-301F-11D3-BF4B-00C04F79EFBC}") = "CiCdLearning", "src\CiCdLearning\CiCdLearning.csproj", "{34FC27B4-0CBA-448F-8A20-C5585667C343}"
EndProject
Project("{2150E333-8FDC-42A3-9474-1A3956D46DE8}") = "test", "test", "{765BB069-C680-462C-BE9E-67900D17A25C}"
EndProject
Project("{FAE04EC0-301F-11D3-BF4B-00C04F79EFBC}") = "CiCdLearning.UnitTests", "test\CiCdLearning.UnitTests\CiCdLearning.UnitTests.csproj", "{92F58D89-504B-4C29-BFCB-D38C5994A1FA}"
EndProject
Global
	GlobalSection(SolutionConfigurationPlatforms) = preSolution
		Debug|Any CPU = Debug|Any CPU
		Debug|x64 = Debug|x64
		Debug|x86 = Debug|x86
		Release|Any CPU = Release|Any CPU
		Release|x64 = Release|x64
		Release|x86 = Release|x86
	EndGlobalSection
	GlobalSection(SolutionProperties) = preSolution
		HideSolutionNode = FALSE
	EndGlobalSection
	GlobalSection(ProjectConfigurationPlatforms) = postSolution
		{34FC27B4-0CBA-448F-8A20-C5585667C343}.Debug|Any CPU.ActiveCfg = Debug|Any CPU
		{34FC27B4-0CBA-448F-8A20-C5585667C343}.Debug|Any CPU.Build.0 = Debug|Any CPU
		{34FC27B4-0CBA-448F-8A20-C5585667C343}.Debug|x64.ActiveCfg = Debug|Any CPU
		{34FC27B4-0CBA-448F-8A20-C5585667C343}.Debug|x64.Build.0 = Debug|Any CPU
		{34FC27B4-0CBA-448F-8A20-C5585667C343}.Debug|x86.ActiveCfg = Debug|Any CPU
		{34FC27B4-0CBA-448F-8A20-C5585667C343}.Debug|x86.Build.0 = Debug|Any CPU
		{34FC27B4-0CBA-448F-8A20-C5585667C343}.Release|Any CPU.ActiveCfg = Release|Any CPU
		{34FC27B4-0CBA-448F-8A20-C5585667C343}.Release|Any CPU.Build.0 = Release|Any CPU
		{34FC27B4-0CBA-448F-8A20-C5585667C343}.Release|x64.ActiveCfg = Release|Any CPU
		{34FC27B4-0CBA-448F-8A20-C5585667C343}.Release|x64.Build.0 = Release|Any CPU
		{34FC27B4-0CBA-448F-8A20-C5585667C343}.Release|x86.ActiveCfg = Release|Any CPU
		{34FC27B4-0CBA-448F-8A20-C5585667C343}.Release|x86.Build.0 = Release|Any CPU
		{92F58D89-504B-4C29-BFCB-D38C5994A1FA}.Debug|Any CPU.ActiveCfg = Debug|Any CPU
		{92F58D89-504B-4C29-BFCB-D38C5994A1FA}.Debug|Any CPU.Build.0 = Debug|Any CPU
		{92F58D89-504B-4C29-BFCB-D38C5994A1FA}.Debug|x64.ActiveCfg = Debug|Any CPU
		{92F58D89-504B-4C29-BFCB-D38C5994A1FA}.Debug|x64.Build.0 = Debug|Any CPU
		{92F58D89-504B-4C29-BFCB-D38C5994A1FA}.Debug|x86.ActiveCfg = Debug|Any CPU
		{92F58D89-504B-4C29-BFCB-D38C5994A1FA}.Debug|x86.Build.0 = Debug|Any CPU
		{92F58D89-504B-4C29-BFCB-D38C5994A1FA}.Release|Any CPU.ActiveCfg = Release|Any CPU
		{92F58D89-504B-4C29-BFCB-D38C5994A1FA}.Release|Any CPU.Build.0 = Release|Any CPU
		{92F58D89-504B-4C29-BFCB-D38C5994A1FA}.Release|x64.ActiveCfg = Release|Any CPU
		{92F58D89-504B-4C29-BFCB-D38C5994A1FA}.Release|x64.Build.0 = Release|Any CPU
		{92F58D89-504B-4C29-BFCB-D38C5994A1FA}.Release|x86.ActiveCfg = Release|Any CPU
		{92F58D89-504B-4C29-BFCB-D38C5994A1FA}.Release|x86.Build.0 = Release|Any CPU
	EndGlobalSection
	GlobalSection(NestedProjects) = preSolution
		{34FC27B4-0CBA-448F-8A20-C5585667C343} = {65B7A9AB-609F-4B01-BDB7-23F2FBFE5987}
		{92F58D89-504B-4C29-BFCB-D38C5994A1FA} = {765BB069-C680-462C-BE9E-67900D17A25C}
	EndGlobalSection
EndGlobal
